// !$*UTF8*$!
{
	archiveVersion = 1;
	classes = {
	};
	objectVersion = 50;
	objects = {

/* Begin PBXBuildFile section */
		8EB61E6F228C7B27000C71B9 /* VitalSign.swift in Sources */ = {isa = PBXBuildFile; fileRef = 8EB61E6E228C7B27000C71B9 /* VitalSign.swift */; };
		8EB61E71228C8153000C71B9 /* DevicesViewModel2.swift in Sources */ = {isa = PBXBuildFile; fileRef = 8EB61E70228C8153000C71B9 /* DevicesViewModel2.swift */; };
		8EB61E73228CC292000C71B9 /* DevicesController1.swift in Sources */ = {isa = PBXBuildFile; fileRef = 8EB61E72228CC292000C71B9 /* DevicesController1.swift */; };
		8EB72846228DCF8200F5C425 /* libc.tbd in Frameworks */ = {isa = PBXBuildFile; fileRef = 8EB72842228DCF8200F5C425 /* libc.tbd */; };
		8EB72847228DCF8200F5C425 /* libc++abi.tbd in Frameworks */ = {isa = PBXBuildFile; fileRef = 8EB72843228DCF8200F5C425 /* libc++abi.tbd */; };
		8EB72848228DCF8200F5C425 /* libc++.tbd in Frameworks */ = {isa = PBXBuildFile; fileRef = 8EB72844228DCF8200F5C425 /* libc++.tbd */; };
		8EB72849228DCF8200F5C425 /* libc++.1.tbd in Frameworks */ = {isa = PBXBuildFile; fileRef = 8EB72845228DCF8200F5C425 /* libc++.1.tbd */; };
		8EB7284C228DCF9500F5C425 /* libDeviceCommand.a in Frameworks */ = {isa = PBXBuildFile; fileRef = 8EB7284B228DCF9500F5C425 /* libDeviceCommand.a */; };
		8EB7284F228E07A700F5C425 /* ScaleData.swift in Sources */ = {isa = PBXBuildFile; fileRef = 8EB7284E228E07A700F5C425 /* ScaleData.swift */; };
		8EB72851228E27DC00F5C425 /* DevicesViewModel.swift in Sources */ = {isa = PBXBuildFile; fileRef = 8EB72850228E27DC00F5C425 /* DevicesViewModel.swift */; };
		8ED0C97E228B74F300DD4C05 /* AppDelegate.swift in Sources */ = {isa = PBXBuildFile; fileRef = 8ED0C97D228B74F300DD4C05 /* AppDelegate.swift */; };
		8ED0C980228B74F300DD4C05 /* DevicesController.swift in Sources */ = {isa = PBXBuildFile; fileRef = 8ED0C97F228B74F300DD4C05 /* DevicesController.swift */; };
		8ED0C983228B74F300DD4C05 /* Main.storyboard in Resources */ = {isa = PBXBuildFile; fileRef = 8ED0C981228B74F300DD4C05 /* Main.storyboard */; };
		8ED0C985228B74F500DD4C05 /* Assets.xcassets in Resources */ = {isa = PBXBuildFile; fileRef = 8ED0C984228B74F500DD4C05 /* Assets.xcassets */; };
		8ED0C988228B74F500DD4C05 /* LaunchScreen.storyboard in Resources */ = {isa = PBXBuildFile; fileRef = 8ED0C986228B74F500DD4C05 /* LaunchScreen.storyboard */; };
		8ED0C990228B7D3100DD4C05 /* VitalSignViewModel.swift in Sources */ = {isa = PBXBuildFile; fileRef = 8ED0C98F228B7D3100DD4C05 /* VitalSignViewModel.swift */; };
		8ED0C99C228B7DD400DD4C05 /* ETData.swift in Sources */ = {isa = PBXBuildFile; fileRef = 8ED0C996228B7DD400DD4C05 /* ETData.swift */; };
		8ED0C99E228B7DD400DD4C05 /* POData.swift in Sources */ = {isa = PBXBuildFile; fileRef = 8ED0C999228B7DD400DD4C05 /* POData.swift */; };
		8ED0C9A0228B7DD400DD4C05 /* Device.swift in Sources */ = {isa = PBXBuildFile; fileRef = 8ED0C99B228B7DD400DD4C05 /* Device.swift */; };
		8ED0C9A2228B86D800DD4C05 /* Date.swift in Sources */ = {isa = PBXBuildFile; fileRef = 8ED0C9A1228B86D800DD4C05 /* Date.swift */; };
		8ED0C9A7228B87EF00DD4C05 /* UIColor.swift in Sources */ = {isa = PBXBuildFile; fileRef = 8ED0C9A4228B87EF00DD4C05 /* UIColor.swift */; };
		8ED0C9A9228B87EF00DD4C05 /* UIFont.swift in Sources */ = {isa = PBXBuildFile; fileRef = 8ED0C9A6228B87EF00DD4C05 /* UIFont.swift */; };
		8ED0C9AB228B8D7700DD4C05 /* DeviceTableViewCell.swift in Sources */ = {isa = PBXBuildFile; fileRef = 8ED0C9AA228B8D7700DD4C05 /* DeviceTableViewCell.swift */; };
		A55B4386A53352807CCF9390 /* Pods_BlueToothDemo.framework in Frameworks */ = {isa = PBXBuildFile; fileRef = D1188D19EC31FCF7E0E95A90 /* Pods_BlueToothDemo.framework */; };
/* End PBXBuildFile section */

/* Begin PBXFileReference section */
		8EB61E6E228C7B27000C71B9 /* VitalSign.swift */ = {isa = PBXFileReference; lastKnownFileType = sourcecode.swift; path = VitalSign.swift; sourceTree = "<group>"; };
		8EB61E70228C8153000C71B9 /* DevicesViewModel2.swift */ = {isa = PBXFileReference; lastKnownFileType = sourcecode.swift; path = DevicesViewModel2.swift; sourceTree = "<group>"; };
		8EB61E72228CC292000C71B9 /* DevicesController1.swift */ = {isa = PBXFileReference; lastKnownFileType = sourcecode.swift; path = DevicesController1.swift; sourceTree = "<group>"; };
		8EB72840228DCF2100F5C425 /* BlueTooth-Bridging-Header.h */ = {isa = PBXFileReference; fileEncoding = 4; lastKnownFileType = sourcecode.c.h; path = "BlueTooth-Bridging-Header.h"; sourceTree = "<group>"; };
		8EB72841228DCF2100F5C425 /* DeviceCommand.h */ = {isa = PBXFileReference; fileEncoding = 4; lastKnownFileType = sourcecode.c.h; path = DeviceCommand.h; sourceTree = "<group>"; };
		8EB72842228DCF8200F5C425 /* libc.tbd */ = {isa = PBXFileReference; lastKnownFileType = "sourcecode.text-based-dylib-definition"; name = libc.tbd; path = usr/lib/libc.tbd; sourceTree = SDKROOT; };
		8EB72843228DCF8200F5C425 /* libc++abi.tbd */ = {isa = PBXFileReference; lastKnownFileType = "sourcecode.text-based-dylib-definition"; name = "libc++abi.tbd"; path = "usr/lib/libc++abi.tbd"; sourceTree = SDKROOT; };
		8EB72844228DCF8200F5C425 /* libc++.tbd */ = {isa = PBXFileReference; lastKnownFileType = "sourcecode.text-based-dylib-definition"; name = "libc++.tbd"; path = "usr/lib/libc++.tbd"; sourceTree = SDKROOT; };
		8EB72845228DCF8200F5C425 /* libc++.1.tbd */ = {isa = PBXFileReference; lastKnownFileType = "sourcecode.text-based-dylib-definition"; name = "libc++.1.tbd"; path = "usr/lib/libc++.1.tbd"; sourceTree = SDKROOT; };
		8EB7284B228DCF9500F5C425 /* libDeviceCommand.a */ = {isa = PBXFileReference; lastKnownFileType = archive.ar; path = libDeviceCommand.a; sourceTree = "<group>"; };
		8EB7284E228E07A700F5C425 /* ScaleData.swift */ = {isa = PBXFileReference; lastKnownFileType = sourcecode.swift; path = ScaleData.swift; sourceTree = "<group>"; };
		8EB72850228E27DC00F5C425 /* DevicesViewModel.swift */ = {isa = PBXFileReference; lastKnownFileType = sourcecode.swift; path = DevicesViewModel.swift; sourceTree = "<group>"; };
		8ED0C97A228B74F300DD4C05 /* BlueToothDemo.app */ = {isa = PBXFileReference; explicitFileType = wrapper.application; includeInIndex = 0; path = BlueToothDemo.app; sourceTree = BUILT_PRODUCTS_DIR; };
		8ED0C97D228B74F300DD4C05 /* AppDelegate.swift */ = {isa = PBXFileReference; lastKnownFileType = sourcecode.swift; path = AppDelegate.swift; sourceTree = "<group>"; };
		8ED0C97F228B74F300DD4C05 /* DevicesController.swift */ = {isa = PBXFileReference; lastKnownFileType = sourcecode.swift; path = DevicesController.swift; sourceTree = "<group>"; };
		8ED0C982228B74F300DD4C05 /* Base */ = {isa = PBXFileReference; lastKnownFileType = file.storyboard; name = Base; path = Base.lproj/Main.storyboard; sourceTree = "<group>"; };
		8ED0C984228B74F500DD4C05 /* Assets.xcassets */ = {isa = PBXFileReference; lastKnownFileType = folder.assetcatalog; path = Assets.xcassets; sourceTree = "<group>"; };
		8ED0C987228B74F500DD4C05 /* Base */ = {isa = PBXFileReference; lastKnownFileType = file.storyboard; name = Base; path = Base.lproj/LaunchScreen.storyboard; sourceTree = "<group>"; };
		8ED0C989228B74F500DD4C05 /* Info.plist */ = {isa = PBXFileReference; lastKnownFileType = text.plist.xml; path = Info.plist; sourceTree = "<group>"; };
		8ED0C98F228B7D3100DD4C05 /* VitalSignViewModel.swift */ = {isa = PBXFileReference; lastKnownFileType = sourcecode.swift; path = VitalSignViewModel.swift; sourceTree = "<group>"; };
		8ED0C996228B7DD400DD4C05 /* ETData.swift */ = {isa = PBXFileReference; fileEncoding = 4; lastKnownFileType = sourcecode.swift; path = ETData.swift; sourceTree = "<group>"; };
		8ED0C999228B7DD400DD4C05 /* POData.swift */ = {isa = PBXFileReference; fileEncoding = 4; lastKnownFileType = sourcecode.swift; path = POData.swift; sourceTree = "<group>"; };
		8ED0C99B228B7DD400DD4C05 /* Device.swift */ = {isa = PBXFileReference; fileEncoding = 4; lastKnownFileType = sourcecode.swift; path = Device.swift; sourceTree = "<group>"; };
		8ED0C9A1228B86D800DD4C05 /* Date.swift */ = {isa = PBXFileReference; fileEncoding = 4; lastKnownFileType = sourcecode.swift; path = Date.swift; sourceTree = "<group>"; };
		8ED0C9A4228B87EF00DD4C05 /* UIColor.swift */ = {isa = PBXFileReference; fileEncoding = 4; lastKnownFileType = sourcecode.swift; path = UIColor.swift; sourceTree = "<group>"; };
		8ED0C9A6228B87EF00DD4C05 /* UIFont.swift */ = {isa = PBXFileReference; fileEncoding = 4; lastKnownFileType = sourcecode.swift; path = UIFont.swift; sourceTree = "<group>"; };
		8ED0C9AA228B8D7700DD4C05 /* DeviceTableViewCell.swift */ = {isa = PBXFileReference; lastKnownFileType = sourcecode.swift; path = DeviceTableViewCell.swift; sourceTree = "<group>"; };
		BFE85F54B4997152CCB1A6FA /* Pods-BlueToothDemo.release.xcconfig */ = {isa = PBXFileReference; includeInIndex = 1; lastKnownFileType = text.xcconfig; name = "Pods-BlueToothDemo.release.xcconfig"; path = "Pods/Target Support Files/Pods-BlueToothDemo/Pods-BlueToothDemo.release.xcconfig"; sourceTree = "<group>"; };
		CCC51EAB354C17F67162A366 /* Pods-BlueToothDemo.debug.xcconfig */ = {isa = PBXFileReference; includeInIndex = 1; lastKnownFileType = text.xcconfig; name = "Pods-BlueToothDemo.debug.xcconfig"; path = "Pods/Target Support Files/Pods-BlueToothDemo/Pods-BlueToothDemo.debug.xcconfig"; sourceTree = "<group>"; };
		D1188D19EC31FCF7E0E95A90 /* Pods_BlueToothDemo.framework */ = {isa = PBXFileReference; explicitFileType = wrapper.framework; includeInIndex = 0; path = Pods_BlueToothDemo.framework; sourceTree = BUILT_PRODUCTS_DIR; };
/* End PBXFileReference section */

/* Begin PBXFrameworksBuildPhase section */
		8ED0C977228B74F300DD4C05 /* Frameworks */ = {
			isa = PBXFrameworksBuildPhase;
			buildActionMask = 2147483647;
			files = (
				8EB72846228DCF8200F5C425 /* libc.tbd in Frameworks */,
				8EB72847228DCF8200F5C425 /* libc++abi.tbd in Frameworks */,
				8EB72848228DCF8200F5C425 /* libc++.tbd in Frameworks */,
				8EB7284C228DCF9500F5C425 /* libDeviceCommand.a in Frameworks */,
				8EB72849228DCF8200F5C425 /* libc++.1.tbd in Frameworks */,
				A55B4386A53352807CCF9390 /* Pods_BlueToothDemo.framework in Frameworks */,
			);
			runOnlyForDeploymentPostprocessing = 0;
		};
/* End PBXFrameworksBuildPhase section */

/* Begin PBXGroup section */
		05300187C3684C256E45F811 /* Frameworks */ = {
			isa = PBXGroup;
			children = (
				8EB72842228DCF8200F5C425 /* libc.tbd */,
				8EB72845228DCF8200F5C425 /* libc++.1.tbd */,
				8EB72844228DCF8200F5C425 /* libc++.tbd */,
				8EB72843228DCF8200F5C425 /* libc++abi.tbd */,
				D1188D19EC31FCF7E0E95A90 /* Pods_BlueToothDemo.framework */,
			);
			name = Frameworks;
			sourceTree = "<group>";
		};
		155F5A35AED93F5EF6A8D696 /* Pods */ = {
			isa = PBXGroup;
			children = (
				CCC51EAB354C17F67162A366 /* Pods-BlueToothDemo.debug.xcconfig */,
				BFE85F54B4997152CCB1A6FA /* Pods-BlueToothDemo.release.xcconfig */,
			);
			name = Pods;
			sourceTree = "<group>";
		};
		8EB7283F228DCF2100F5C425 /* OC */ = {
			isa = PBXGroup;
			children = (
				8EB72840228DCF2100F5C425 /* BlueTooth-Bridging-Header.h */,
				8EB72841228DCF2100F5C425 /* DeviceCommand.h */,
			);
			path = OC;
			sourceTree = "<group>";
		};
		8EB7284A228DCF9500F5C425 /* Library */ = {
			isa = PBXGroup;
			children = (
				8EB7284B228DCF9500F5C425 /* libDeviceCommand.a */,
			);
			path = Library;
			sourceTree = "<group>";
		};
		8EB7284D228E075B00F5C425 /* Scale */ = {
			isa = PBXGroup;
			children = (
				8EB7284E228E07A700F5C425 /* ScaleData.swift */,
			);
			path = Scale;
			sourceTree = "<group>";
		};
		8ED0C971228B74F300DD4C05 = {
			isa = PBXGroup;
			children = (
				8ED0C97C228B74F300DD4C05 /* BlueToothDemo */,
				8ED0C97B228B74F300DD4C05 /* Products */,
				8EB7284A228DCF9500F5C425 /* Library */,
				155F5A35AED93F5EF6A8D696 /* Pods */,
				05300187C3684C256E45F811 /* Frameworks */,
			);
			sourceTree = "<group>";
		};
		8ED0C97B228B74F300DD4C05 /* Products */ = {
			isa = PBXGroup;
			children = (
				8ED0C97A228B74F300DD4C05 /* BlueToothDemo.app */,
			);
			name = Products;
			sourceTree = "<group>";
		};
		8ED0C97C228B74F300DD4C05 /* BlueToothDemo */ = {
			isa = PBXGroup;
			children = (
				8EB7283F228DCF2100F5C425 /* OC */,
				8ED0C9A3228B87EF00DD4C05 /* Extensions */,
				8ED0C9B0228B8D9900DD4C05 /* Other */,
				8ED0C9AE228B8D8C00DD4C05 /* ViewModel */,
				8ED0C9AD228B8D8200DD4C05 /* Controller */,
				8ED0C9AC228B8D7900DD4C05 /* View */,
				8ED0C994228B7DD400DD4C05 /* Model */,
			);
			path = BlueToothDemo;
			sourceTree = "<group>";
		};
		8ED0C994228B7DD400DD4C05 /* Model */ = {
			isa = PBXGroup;
			children = (
				8ED0C99B228B7DD400DD4C05 /* Device.swift */,
				8EB61E6E228C7B27000C71B9 /* VitalSign.swift */,
				8ED0C995228B7DD400DD4C05 /* Ear Thermometer */,
				8EB7284D228E075B00F5C425 /* Scale */,
				8ED0C998228B7DD400DD4C05 /* Pulse Oximeter */,
			);
			path = Model;
			sourceTree = "<group>";
		};
		8ED0C995228B7DD400DD4C05 /* Ear Thermometer */ = {
			isa = PBXGroup;
			children = (
				8ED0C996228B7DD400DD4C05 /* ETData.swift */,
			);
			path = "Ear Thermometer";
			sourceTree = "<group>";
		};
		8ED0C998228B7DD400DD4C05 /* Pulse Oximeter */ = {
			isa = PBXGroup;
			children = (
				8ED0C999228B7DD400DD4C05 /* POData.swift */,
			);
			path = "Pulse Oximeter";
			sourceTree = "<group>";
		};
		8ED0C9A3228B87EF00DD4C05 /* Extensions */ = {
			isa = PBXGroup;
			children = (
				8ED0C9A4228B87EF00DD4C05 /* UIColor.swift */,
				8ED0C9A6228B87EF00DD4C05 /* UIFont.swift */,
				8ED0C9A1228B86D800DD4C05 /* Date.swift */,
			);
			path = Extensions;
			sourceTree = "<group>";
		};
		8ED0C9AC228B8D7900DD4C05 /* View */ = {
			isa = PBXGroup;
			children = (
				8ED0C9AA228B8D7700DD4C05 /* DeviceTableViewCell.swift */,
			);
			path = View;
			sourceTree = "<group>";
		};
		8ED0C9AD228B8D8200DD4C05 /* Controller */ = {
			isa = PBXGroup;
			children = (
				8ED0C97F228B74F300DD4C05 /* DevicesController.swift */,
				8EB61E72228CC292000C71B9 /* DevicesController1.swift */,
			);
			path = Controller;
			sourceTree = "<group>";
		};
		8ED0C9AE228B8D8C00DD4C05 /* ViewModel */ = {
			isa = PBXGroup;
			children = (
				8ED0C98F228B7D3100DD4C05 /* VitalSignViewModel.swift */,
				8EB61E70228C8153000C71B9 /* DevicesViewModel2.swift */,
				8EB72850228E27DC00F5C425 /* DevicesViewModel.swift */,
			);
			path = ViewModel;
			sourceTree = "<group>";
		};
		8ED0C9B0228B8D9900DD4C05 /* Other */ = {
			isa = PBXGroup;
			children = (
				8ED0C97D228B74F300DD4C05 /* AppDelegate.swift */,
				8ED0C981228B74F300DD4C05 /* Main.storyboard */,
				8ED0C984228B74F500DD4C05 /* Assets.xcassets */,
				8ED0C986228B74F500DD4C05 /* LaunchScreen.storyboard */,
				8ED0C989228B74F500DD4C05 /* Info.plist */,
			);
			path = Other;
			sourceTree = "<group>";
		};
/* End PBXGroup section */

/* Begin PBXNativeTarget section */
		8ED0C979228B74F300DD4C05 /* BlueToothDemo */ = {
			isa = PBXNativeTarget;
			buildConfigurationList = 8ED0C98C228B74F500DD4C05 /* Build configuration list for PBXNativeTarget "BlueToothDemo" */;
			buildPhases = (
				352F8C2A8A1451D51C9B998D /* [CP] Check Pods Manifest.lock */,
				8ED0C976228B74F300DD4C05 /* Sources */,
				8ED0C977228B74F300DD4C05 /* Frameworks */,
				8ED0C978228B74F300DD4C05 /* Resources */,
				2C889511486BFF0731550303 /* [CP] Embed Pods Frameworks */,
			);
			buildRules = (
			);
			dependencies = (
			);
			name = BlueToothDemo;
			productName = BlueToothDemo;
			productReference = 8ED0C97A228B74F300DD4C05 /* BlueToothDemo.app */;
			productType = "com.apple.product-type.application";
		};
/* End PBXNativeTarget section */

/* Begin PBXProject section */
		8ED0C972228B74F300DD4C05 /* Project object */ = {
			isa = PBXProject;
			attributes = {
				LastSwiftUpdateCheck = 1020;
				LastUpgradeCheck = 1020;
				ORGANIZATIONNAME = "Yi Tong";
				TargetAttributes = {
					8ED0C979228B74F300DD4C05 = {
						CreatedOnToolsVersion = 10.2;
					};
				};
			};
			buildConfigurationList = 8ED0C975228B74F300DD4C05 /* Build configuration list for PBXProject "BlueToothDemo" */;
			compatibilityVersion = "Xcode 9.3";
			developmentRegion = en;
			hasScannedForEncodings = 0;
			knownRegions = (
				en,
				Base,
			);
			mainGroup = 8ED0C971228B74F300DD4C05;
			productRefGroup = 8ED0C97B228B74F300DD4C05 /* Products */;
			projectDirPath = "";
			projectRoot = "";
			targets = (
				8ED0C979228B74F300DD4C05 /* BlueToothDemo */,
			);
		};
/* End PBXProject section */

/* Begin PBXResourcesBuildPhase section */
		8ED0C978228B74F300DD4C05 /* Resources */ = {
			isa = PBXResourcesBuildPhase;
			buildActionMask = 2147483647;
			files = (
				8ED0C988228B74F500DD4C05 /* LaunchScreen.storyboard in Resources */,
				8ED0C985228B74F500DD4C05 /* Assets.xcassets in Resources */,
				8ED0C983228B74F300DD4C05 /* Main.storyboard in Resources */,
			);
			runOnlyForDeploymentPostprocessing = 0;
		};
/* End PBXResourcesBuildPhase section */

/* Begin PBXShellScriptBuildPhase section */
		2C889511486BFF0731550303 /* [CP] Embed Pods Frameworks */ = {
			isa = PBXShellScriptBuildPhase;
			buildActionMask = 2147483647;
			files = (
			);
			inputFileListPaths = (
			);
			inputPaths = (
				"${SRCROOT}/Pods/Target Support Files/Pods-BlueToothDemo/Pods-BlueToothDemo-frameworks.sh",
				"${BUILT_PRODUCTS_DIR}/SnapKit/SnapKit.framework",
			);
			name = "[CP] Embed Pods Frameworks";
			outputFileListPaths = (
			);
			outputPaths = (
				"${TARGET_BUILD_DIR}/${FRAMEWORKS_FOLDER_PATH}/SnapKit.framework",
			);
			runOnlyForDeploymentPostprocessing = 0;
			shellPath = /bin/sh;
			shellScript = "\"${SRCROOT}/Pods/Target Support Files/Pods-BlueToothDemo/Pods-BlueToothDemo-frameworks.sh\"\n";
			showEnvVarsInLog = 0;
		};
		352F8C2A8A1451D51C9B998D /* [CP] Check Pods Manifest.lock */ = {
			isa = PBXShellScriptBuildPhase;
			buildActionMask = 2147483647;
			files = (
			);
			inputFileListPaths = (
			);
			inputPaths = (
				"${PODS_PODFILE_DIR_PATH}/Podfile.lock",
				"${PODS_ROOT}/Manifest.lock",
			);
			name = "[CP] Check Pods Manifest.lock";
			outputFileListPaths = (
			);
			outputPaths = (
				"$(DERIVED_FILE_DIR)/Pods-BlueToothDemo-checkManifestLockResult.txt",
			);
			runOnlyForDeploymentPostprocessing = 0;
			shellPath = /bin/sh;
			shellScript = "diff \"${PODS_PODFILE_DIR_PATH}/Podfile.lock\" \"${PODS_ROOT}/Manifest.lock\" > /dev/null\nif [ $? != 0 ] ; then\n    # print error to STDERR\n    echo \"error: The sandbox is not in sync with the Podfile.lock. Run 'pod install' or update your CocoaPods installation.\" >&2\n    exit 1\nfi\n# This output is used by Xcode 'outputs' to avoid re-running this script phase.\necho \"SUCCESS\" > \"${SCRIPT_OUTPUT_FILE_0}\"\n";
			showEnvVarsInLog = 0;
		};
/* End PBXShellScriptBuildPhase section */

/* Begin PBXSourcesBuildPhase section */
		8ED0C976228B74F300DD4C05 /* Sources */ = {
			isa = PBXSourcesBuildPhase;
			buildActionMask = 2147483647;
			files = (
				8ED0C990228B7D3100DD4C05 /* VitalSignViewModel.swift in Sources */,
				8ED0C980228B74F300DD4C05 /* DevicesController.swift in Sources */,
				8ED0C99C228B7DD400DD4C05 /* ETData.swift in Sources */,
				8ED0C99E228B7DD400DD4C05 /* POData.swift in Sources */,
				8EB7284F228E07A700F5C425 /* ScaleData.swift in Sources */,
				8EB61E6F228C7B27000C71B9 /* VitalSign.swift in Sources */,
				8ED0C97E228B74F300DD4C05 /* AppDelegate.swift in Sources */,
				8ED0C9AB228B8D7700DD4C05 /* DeviceTableViewCell.swift in Sources */,
				8ED0C9A9228B87EF00DD4C05 /* UIFont.swift in Sources */,
				8EB61E71228C8153000C71B9 /* DevicesViewModel2.swift in Sources */,
				8ED0C9A2228B86D800DD4C05 /* Date.swift in Sources */,
				8ED0C9A0228B7DD400DD4C05 /* Device.swift in Sources */,
				8EB72851228E27DC00F5C425 /* DevicesViewModel.swift in Sources */,
				8EB61E73228CC292000C71B9 /* DevicesController1.swift in Sources */,
				8ED0C9A7228B87EF00DD4C05 /* UIColor.swift in Sources */,
			);
			runOnlyForDeploymentPostprocessing = 0;
		};
/* End PBXSourcesBuildPhase section */

/* Begin PBXVariantGroup section */
		8ED0C981228B74F300DD4C05 /* Main.storyboard */ = {
			isa = PBXVariantGroup;
			children = (
				8ED0C982228B74F300DD4C05 /* Base */,
			);
			name = Main.storyboard;
			sourceTree = "<group>";
		};
		8ED0C986228B74F500DD4C05 /* LaunchScreen.storyboard */ = {
			isa = PBXVariantGroup;
			children = (
				8ED0C987228B74F500DD4C05 /* Base */,
			);
			name = LaunchScreen.storyboard;
			sourceTree = "<group>";
		};
/* End PBXVariantGroup section */

/* Begin XCBuildConfiguration section */
		8ED0C98A228B74F500DD4C05 /* Debug */ = {
			isa = XCBuildConfiguration;
			buildSettings = {
				ALWAYS_SEARCH_USER_PATHS = NO;
				CLANG_ANALYZER_NONNULL = YES;
				CLANG_ANALYZER_NUMBER_OBJECT_CONVERSION = YES_AGGRESSIVE;
				CLANG_CXX_LANGUAGE_STANDARD = "gnu++14";
				CLANG_CXX_LIBRARY = "libc++";
				CLANG_ENABLE_MODULES = YES;
				CLANG_ENABLE_OBJC_ARC = YES;
				CLANG_ENABLE_OBJC_WEAK = YES;
				CLANG_WARN_BLOCK_CAPTURE_AUTORELEASING = YES;
				CLANG_WARN_BOOL_CONVERSION = YES;
				CLANG_WARN_COMMA = YES;
				CLANG_WARN_CONSTANT_CONVERSION = YES;
				CLANG_WARN_DEPRECATED_OBJC_IMPLEMENTATIONS = YES;
				CLANG_WARN_DIRECT_OBJC_ISA_USAGE = YES_ERROR;
				CLANG_WARN_DOCUMENTATION_COMMENTS = YES;
				CLANG_WARN_EMPTY_BODY = YES;
				CLANG_WARN_ENUM_CONVERSION = YES;
				CLANG_WARN_INFINITE_RECURSION = YES;
				CLANG_WARN_INT_CONVERSION = YES;
				CLANG_WARN_NON_LITERAL_NULL_CONVERSION = YES;
				CLANG_WARN_OBJC_IMPLICIT_RETAIN_SELF = YES;
				CLANG_WARN_OBJC_LITERAL_CONVERSION = YES;
				CLANG_WARN_OBJC_ROOT_CLASS = YES_ERROR;
				CLANG_WARN_RANGE_LOOP_ANALYSIS = YES;
				CLANG_WARN_STRICT_PROTOTYPES = YES;
				CLANG_WARN_SUSPICIOUS_MOVE = YES;
				CLANG_WARN_UNGUARDED_AVAILABILITY = YES_AGGRESSIVE;
				CLANG_WARN_UNREACHABLE_CODE = YES;
				CLANG_WARN__DUPLICATE_METHOD_MATCH = YES;
				CODE_SIGN_IDENTITY = "iPhone Developer";
				COPY_PHASE_STRIP = NO;
				DEBUG_INFORMATION_FORMAT = dwarf;
				ENABLE_STRICT_OBJC_MSGSEND = YES;
				ENABLE_TESTABILITY = YES;
				GCC_C_LANGUAGE_STANDARD = gnu11;
				GCC_DYNAMIC_NO_PIC = NO;
				GCC_NO_COMMON_BLOCKS = YES;
				GCC_OPTIMIZATION_LEVEL = 0;
				GCC_PREPROCESSOR_DEFINITIONS = (
					"DEBUG=1",
					"$(inherited)",
				);
				GCC_WARN_64_TO_32_BIT_CONVERSION = YES;
				GCC_WARN_ABOUT_RETURN_TYPE = YES_ERROR;
				GCC_WARN_UNDECLARED_SELECTOR = YES;
				GCC_WARN_UNINITIALIZED_AUTOS = YES_AGGRESSIVE;
				GCC_WARN_UNUSED_FUNCTION = YES;
				GCC_WARN_UNUSED_VARIABLE = YES;
				IPHONEOS_DEPLOYMENT_TARGET = 12.2;
				MTL_ENABLE_DEBUG_INFO = INCLUDE_SOURCE;
				MTL_FAST_MATH = YES;
				ONLY_ACTIVE_ARCH = YES;
				SDKROOT = iphoneos;
				SWIFT_ACTIVE_COMPILATION_CONDITIONS = DEBUG;
				SWIFT_OPTIMIZATION_LEVEL = "-Onone";
			};
			name = Debug;
		};
		8ED0C98B228B74F500DD4C05 /* Release */ = {
			isa = XCBuildConfiguration;
			buildSettings = {
				ALWAYS_SEARCH_USER_PATHS = NO;
				CLANG_ANALYZER_NONNULL = YES;
				CLANG_ANALYZER_NUMBER_OBJECT_CONVERSION = YES_AGGRESSIVE;
				CLANG_CXX_LANGUAGE_STANDARD = "gnu++14";
				CLANG_CXX_LIBRARY = "libc++";
				CLANG_ENABLE_MODULES = YES;
				CLANG_ENABLE_OBJC_ARC = YES;
				CLANG_ENABLE_OBJC_WEAK = YES;
				CLANG_WARN_BLOCK_CAPTURE_AUTORELEASING = YES;
				CLANG_WARN_BOOL_CONVERSION = YES;
				CLANG_WARN_COMMA = YES;
				CLANG_WARN_CONSTANT_CONVERSION = YES;
				CLANG_WARN_DEPRECATED_OBJC_IMPLEMENTATIONS = YES;
				CLANG_WARN_DIRECT_OBJC_ISA_USAGE = YES_ERROR;
				CLANG_WARN_DOCUMENTATION_COMMENTS = YES;
				CLANG_WARN_EMPTY_BODY = YES;
				CLANG_WARN_ENUM_CONVERSION = YES;
				CLANG_WARN_INFINITE_RECURSION = YES;
				CLANG_WARN_INT_CONVERSION = YES;
				CLANG_WARN_NON_LITERAL_NULL_CONVERSION = YES;
				CLANG_WARN_OBJC_IMPLICIT_RETAIN_SELF = YES;
				CLANG_WARN_OBJC_LITERAL_CONVERSION = YES;
				CLANG_WARN_OBJC_ROOT_CLASS = YES_ERROR;
				CLANG_WARN_RANGE_LOOP_ANALYSIS = YES;
				CLANG_WARN_STRICT_PROTOTYPES = YES;
				CLANG_WARN_SUSPICIOUS_MOVE = YES;
				CLANG_WARN_UNGUARDED_AVAILABILITY = YES_AGGRESSIVE;
				CLANG_WARN_UNREACHABLE_CODE = YES;
				CLANG_WARN__DUPLICATE_METHOD_MATCH = YES;
				CODE_SIGN_IDENTITY = "iPhone Developer";
				COPY_PHASE_STRIP = NO;
				DEBUG_INFORMATION_FORMAT = "dwarf-with-dsym";
				ENABLE_NS_ASSERTIONS = NO;
				ENABLE_STRICT_OBJC_MSGSEND = YES;
				GCC_C_LANGUAGE_STANDARD = gnu11;
				GCC_NO_COMMON_BLOCKS = YES;
				GCC_WARN_64_TO_32_BIT_CONVERSION = YES;
				GCC_WARN_ABOUT_RETURN_TYPE = YES_ERROR;
				GCC_WARN_UNDECLARED_SELECTOR = YES;
				GCC_WARN_UNINITIALIZED_AUTOS = YES_AGGRESSIVE;
				GCC_WARN_UNUSED_FUNCTION = YES;
				GCC_WARN_UNUSED_VARIABLE = YES;
				IPHONEOS_DEPLOYMENT_TARGET = 12.2;
				MTL_ENABLE_DEBUG_INFO = NO;
				MTL_FAST_MATH = YES;
				SDKROOT = iphoneos;
				SWIFT_COMPILATION_MODE = wholemodule;
				SWIFT_OPTIMIZATION_LEVEL = "-O";
				VALIDATE_PRODUCT = YES;
			};
			name = Release;
		};
		8ED0C98D228B74F500DD4C05 /* Debug */ = {
			isa = XCBuildConfiguration;
			baseConfigurationReference = CCC51EAB354C17F67162A366 /* Pods-BlueToothDemo.debug.xcconfig */;
			buildSettings = {
				ASSETCATALOG_COMPILER_APPICON_NAME = AppIcon;
				CODE_SIGN_STYLE = Automatic;
				DEVELOPMENT_TEAM = DKH5D278T8;
				INFOPLIST_FILE = "$(SRCROOT)/BlueToothDemo/Other/Info.plist";
				IPHONEOS_DEPLOYMENT_TARGET = 11.1;
				LD_RUNPATH_SEARCH_PATHS = (
					"$(inherited)",
					"@executable_path/Frameworks",
				);
				LIBRARY_SEARCH_PATHS = (
					"$(inherited)",
					"$(PROJECT_DIR)$(LOCAL_LIBRARY_DIR)",
				);
				PRODUCT_BUNDLE_IDENTIFIER = com.werur.BlueToothDemo;
				PRODUCT_NAME = "$(TARGET_NAME)";
				SWIFT_OBJC_BRIDGING_HEADER = "/Users/yitong/Library/Autosave Information/BlueToothDemo/BlueToothDemo/OC/BlueTooth-Bridging-Header.h";
				SWIFT_VERSION = 5.0;
				TARGETED_DEVICE_FAMILY = "1,2";
			};
			name = Debug;
		};
		8ED0C98E228B74F500DD4C05 /* Release */ = {
			isa = XCBuildConfiguration;
			baseConfigurationReference = BFE85F54B4997152CCB1A6FA /* Pods-BlueToothDemo.release.xcconfig */;
			buildSettings = {
				ASSETCATALOG_COMPILER_APPICON_NAME = AppIcon;
				CODE_SIGN_STYLE = Automatic;
				DEVELOPMENT_TEAM = DKH5D278T8;
				INFOPLIST_FILE = "$(SRCROOT)/BlueToothDemo/Other/Info.plist";
				IPHONEOS_DEPLOYMENT_TARGET = 11.1;
				LD_RUNPATH_SEARCH_PATHS = (
					"$(inherited)",
					"@executable_path/Frameworks",
				);
				LIBRARY_SEARCH_PATHS = (
					"$(inherited)",
					"$(PROJECT_DIR)$(LOCAL_LIBRARY_DIR)",
				);
				PRODUCT_BUNDLE_IDENTIFIER = com.werur.BlueToothDemo;
				PRODUCT_NAME = "$(TARGET_NAME)";
				SWIFT_OBJC_BRIDGING_HEADER = "/Users/yitong/Library/Autosave Information/BlueToothDemo/BlueToothDemo/OC/BlueTooth-Bridging-Header.h";
				SWIFT_VERSION = 5.0;
				TARGETED_DEVICE_FAMILY = "1,2";
			};
			name = Release;
		};
/* End XCBuildConfiguration section */

/* Begin XCConfigurationList section */
		8ED0C975228B74F300DD4C05 /* Build configuration list for PBXProject "BlueToothDemo" */ = {
			isa = XCConfigurationList;
			buildConfigurations = (
				8ED0C98A228B74F500DD4C05 /* Debug */,
				8ED0C98B228B74F500DD4C05 /* Release */,
			);
			defaultConfigurationIsVisible = 0;
			defaultConfigurationName = Release;
		};
		8ED0C98C228B74F500DD4C05 /* Build configuration list for PBXNativeTarget "BlueToothDemo" */ = {
			isa = XCConfigurationList;
			buildConfigurations = (
				8ED0C98D228B74F500DD4C05 /* Debug */,
				8ED0C98E228B74F500DD4C05 /* Release */,
			);
			defaultConfigurationIsVisible = 0;
			defaultConfigurationName = Release;
		};
/* End XCConfigurationList section */
	};
	rootObject = 8ED0C972228B74F300DD4C05 /* Project object */;
}
